
Microsoft Visual Studio Solution File, Format Version 12.00
# Visual Studio Version 16
VisualStudioVersion = 16.0.28803.202
MinimumVisualStudioVersion = 10.0.40219.1
Project("{FAE04EC0-301F-11D3-BF4B-00C04F79EFBC}") = "记事本", "记事本.csproj", "{FC52136C-319E-4CBF-ACD3-821408B04A9A}"
EndProject
Global
	GlobalSection(SolutionConfigurationPlatforms) = preSolution
		Debug|Any CPU = Debug|Any CPU
		Release|Any CPU = Release|Any CPU
	EndGlobalSection
	GlobalSection(ProjectConfigurationPlatforms) = postSolution
		{FC52136C-319E-4CBF-ACD3-821408B04A9A}.Debug|Any CPU.ActiveCfg = Debug|Any CPU
		{FC52136C-319E-4CBF-ACD3-821408B04A9A}.Debug|Any CPU.Build.0 = Debug|Any CPU
		{FC52136C-319E-4CBF-ACD3-821408B04A9A}.Release|Any CPU.ActiveCfg = Release|Any CPU
		{FC52136C-319E-4CBF-ACD3-821408B04A9A}.Release|Any CPU.Build.0 = Release|Any CPU
	EndGlobalSection
	GlobalSection(SolutionProperties) = preSolution
		HideSolutionNode = FALSE
	EndGlobalSection
	GlobalSection(ExtensibilityGlobals) = postSolution
		SolutionGuid = {D8C85E13-FD40-4A29-B424-51998DCE1243}
	EndGlobalSection
EndGlobal
